
Microsoft Visual Studio Solution File, Format Version 12.00
# Visual Studio Version 16
VisualStudioVersion = 16.0.29926.136
MinimumVisualStudioVersion = 10.0.40219.1
Project("{FAE04EC0-301F-11D3-BF4B-00C04F79EFBC}") = "CollectionViewIssue.Android", "CollectionViewIssue\CollectionViewIssue.Android\CollectionViewIssue.Android.csproj", "{7CFEB56A-C913-43E9-8BC6-C717A767B814}"
EndProject
Project("{FAE04EC0-301F-11D3-BF4B-00C04F79EFBC}") = "CollectionViewIssue.iOS", "CollectionViewIssue\CollectionViewIssue.iOS\CollectionViewIssue.iOS.csproj", "{41862FB1-AF01-4BB3-A2C5-973A2ABBDFB0}"
EndProject
Project("{FAE04EC0-301F-11D3-BF4B-00C04F79EFBC}") = "CollectionViewIssue", "CollectionViewIssue\CollectionViewIssue\CollectionViewIssue.csproj", "{9212AFB2-75E0-47D3-975F-9D643B875EB7}"
EndProject
Global
	GlobalSection(SolutionConfigurationPlatforms) = preSolution
		Debug|Any CPU = Debug|Any CPU
		Debug|iPhone = Debug|iPhone
		Debug|iPhoneSimulator = Debug|iPhoneSimulator
		Release|Any CPU = Release|Any CPU
		Release|iPhone = Release|iPhone
		Release|iPhoneSimulator = Release|iPhoneSimulator
	EndGlobalSection
	GlobalSection(ProjectConfigurationPlatforms) = postSolution
		{7CFEB56A-C913-43E9-8BC6-C717A767B814}.Debug|Any CPU.ActiveCfg = Debug|Any CPU
		{7CFEB56A-C913-43E9-8BC6-C717A767B814}.Debug|Any CPU.Build.0 = Debug|Any CPU
		{7CFEB56A-C913-43E9-8BC6-C717A767B814}.Debug|Any CPU.Deploy.0 = Debug|Any CPU
		{7CFEB56A-C913-43E9-8BC6-C717A767B814}.Debug|iPhone.ActiveCfg = Debug|Any CPU
		{7CFEB56A-C913-43E9-8BC6-C717A767B814}.Debug|iPhone.Build.0 = Debug|Any CPU
		{7CFEB56A-C913-43E9-8BC6-C717A767B814}.Debug|iPhone.Deploy.0 = Debug|Any CPU
		{7CFEB56A-C913-43E9-8BC6-C717A767B814}.Debug|iPhoneSimulator.ActiveCfg = Debug|Any CPU
		{7CFEB56A-C913-43E9-8BC6-C717A767B814}.Debug|iPhoneSimulator.Build.0 = Debug|Any CPU
		{7CFEB56A-C913-43E9-8BC6-C717A767B814}.Debug|iPhoneSimulator.Deploy.0 = Debug|Any CPU
		{7CFEB56A-C913-43E9-8BC6-C717A767B814}.Release|Any CPU.ActiveCfg = Release|Any CPU
		{7CFEB56A-C913-43E9-8BC6-C717A767B814}.Release|Any CPU.Build.0 = Release|Any CPU
		{7CFEB56A-C913-43E9-8BC6-C717A767B814}.Release|Any CPU.Deploy.0 = Release|Any CPU
		{7CFEB56A-C913-43E9-8BC6-C717A767B814}.Release|iPhone.ActiveCfg = Release|Any CPU
		{7CFEB56A-C913-43E9-8BC6-C717A767B814}.Release|iPhone.Build.0 = Release|Any CPU
		{7CFEB56A-C913-43E9-8BC6-C717A767B814}.Release|iPhone.Deploy.0 = Release|Any CPU
		{7CFEB56A-C913-43E9-8BC6-C717A767B814}.Release|iPhoneSimulator.ActiveCfg = Release|Any CPU
		{7CFEB56A-C913-43E9-8BC6-C717A767B814}.Release|iPhoneSimulator.Build.0 = Release|Any CPU
		{7CFEB56A-C913-43E9-8BC6-C717A767B814}.Release|iPhoneSimulator.Deploy.0 = Release|Any CPU
		{41862FB1-AF01-4BB3-A2C5-973A2ABBDFB0}.Debug|Any CPU.ActiveCfg = Debug|iPhone
		{41862FB1-AF01-4BB3-A2C5-973A2ABBDFB0}.Debug|Any CPU.Build.0 = Debug|iPhone
		{41862FB1-AF01-4BB3-A2C5-973A2ABBDFB0}.Debug|Any CPU.Deploy.0 = Debug|iPhone
		{41862FB1-AF01-4BB3-A2C5-973A2ABBDFB0}.Debug|iPhone.ActiveCfg = Debug|iPhone
		{41862FB1-AF01-4BB3-A2C5-973A2ABBDFB0}.Debug|iPhone.Build.0 = Debug|iPhone
		{41862FB1-AF01-4BB3-A2C5-973A2ABBDFB0}.Debug|iPhone.Deploy.0 = Debug|iPhone
		{41862FB1-AF01-4BB3-A2C5-973A2ABBDFB0}.Debug|iPhoneSimulator.ActiveCfg = Debug|iPhoneSimulator
		{41862FB1-AF01-4BB3-A2C5-973A2ABBDFB0}.Debug|iPhoneSimulator.Build.0 = Debug|iPhoneSimulator
		{41862FB1-AF01-4BB3-A2C5-973A2ABBDFB0}.Debug|iPhoneSimulator.Deploy.0 = Debug|iPhoneSimulator
		{41862FB1-AF01-4BB3-A2C5-973A2ABBDFB0}.Release|Any CPU.ActiveCfg = Release|iPhone
		{41862FB1-AF01-4BB3-A2C5-973A2ABBDFB0}.Release|Any CPU.Build.0 = Release|iPhone
		{41862FB1-AF01-4BB3-A2C5-973A2ABBDFB0}.Release|Any CPU.Deploy.0 = Release|iPhone
		{41862FB1-AF01-4BB3-A2C5-973A2ABBDFB0}.Release|iPhone.ActiveCfg = Release|iPhone
		{41862FB1-AF01-4BB3-A2C5-973A2ABBDFB0}.Release|iPhone.Build.0 = Release|iPhone
		{41862FB1-AF01-4BB3-A2C5-973A2ABBDFB0}.Release|iPhone.Deploy.0 = Release|iPhone
		{41862FB1-AF01-4BB3-A2C5-973A2ABBDFB0}.Release|iPhoneSimulator.ActiveCfg = Release|iPhoneSimulator
		{41862FB1-AF01-4BB3-A2C5-973A2ABBDFB0}.Release|iPhoneSimulator.Build.0 = Release|iPhoneSimulator
		{41862FB1-AF01-4BB3-A2C5-973A2ABBDFB0}.Release|iPhoneSimulator.Deploy.0 = Release|iPhoneSimulator
		{9212AFB2-75E0-47D3-975F-9D643B875EB7}.Debug|Any CPU.ActiveCfg = Debug|Any CPU
		{9212AFB2-75E0-47D3-975F-9D643B875EB7}.Debug|Any CPU.Build.0 = Debug|Any CPU
		{9212AFB2-75E0-47D3-975F-9D643B875EB7}.Debug|Any CPU.Deploy.0 = Debug|Any CPU
		{9212AFB2-75E0-47D3-975F-9D643B875EB7}.Debug|iPhone.ActiveCfg = Debug|Any CPU
		{9212AFB2-75E0-47D3-975F-9D643B875EB7}.Debug|iPhone.Build.0 = Debug|Any CPU
		{9212AFB2-75E0-47D3-975F-9D643B875EB7}.Debug|iPhone.Deploy.0 = Debug|Any CPU
		{9212AFB2-75E0-47D3-975F-9D643B875EB7}.Debug|iPhoneSimulator.ActiveCfg = Debug|Any CPU
		{9212AFB2-75E0-47D3-975F-9D643B875EB7}.Debug|iPhoneSimulator.Build.0 = Debug|Any CPU
		{9212AFB2-75E0-47D3-975F-9D643B875EB7}.Debug|iPhoneSimulator.Deploy.0 = Debug|Any CPU
		{9212AFB2-75E0-47D3-975F-9D643B875EB7}.Release|Any CPU.ActiveCfg = Release|Any CPU
		{9212AFB2-75E0-47D3-975F-9D643B875EB7}.Release|Any CPU.Build.0 = Release|Any CPU
		{9212AFB2-75E0-47D3-975F-9D643B875EB7}.Release|Any CPU.Deploy.0 = Release|Any CPU
		{9212AFB2-75E0-47D3-975F-9D643B875EB7}.Release|iPhone.ActiveCfg = Release|Any CPU
		{9212AFB2-75E0-47D3-975F-9D643B875EB7}.Release|iPhone.Build.0 = Release|Any CPU
		{9212AFB2-75E0-47D3-975F-9D643B875EB7}.Release|iPhone.Deploy.0 = Release|Any CPU
		{9212AFB2-75E0-47D3-975F-9D643B875EB7}.Release|iPhoneSimulator.ActiveCfg = Release|Any CPU
		{9212AFB2-75E0-47D3-975F-9D643B875EB7}.Release|iPhoneSimulator.Build.0 = Release|Any CPU
		{9212AFB2-75E0-47D3-975F-9D643B875EB7}.Release|iPhoneSimulator.Deploy.0 = Release|Any CPU
	EndGlobalSection
	GlobalSection(SolutionProperties) = preSolution
		HideSolutionNode = FALSE
	EndGlobalSection
	GlobalSection(ExtensibilityGlobals) = postSolution
		SolutionGuid = {1B243CD2-73B0-471A-8C2B-F342CA52168A}
	EndGlobalSection
EndGlobal
